
Microsoft Visual Studio Solution File, Format Version 12.00
# Visual Studio Version 17
VisualStudioVersion = 17.14.36518.9 d17.14
MinimumVisualStudioVersion = 10.0.40219.1
Project("{FAE04EC0-301F-11D3-BF4B-00C04F79EFBC}") = "SecureCommandMonitor", "SecureCommandMonitor.csproj", "{10985E51-48B6-4743-9722-42E8723A8317}"
EndProject
Global
	GlobalSection(SolutionConfigurationPlatforms) = preSolution
		Debug|Any CPU = Debug|Any CPU
		Release|Any CPU = Release|Any CPU
	EndGlobalSection
	GlobalSection(ProjectConfigurationPlatforms) = postSolution
		{10985E51-48B6-4743-9722-42E8723A8317}.Debug|Any CPU.ActiveCfg = Debug|Any CPU
		{10985E51-48B6-4743-9722-42E8723A8317}.Debug|Any CPU.Build.0 = Debug|Any CPU
		{10985E51-48B6-4743-9722-42E8723A8317}.Release|Any CPU.ActiveCfg = Release|Any CPU
		{10985E51-48B6-4743-9722-42E8723A8317}.Release|Any CPU.Build.0 = Release|Any CPU
	EndGlobalSection
	GlobalSection(SolutionProperties) = preSolution
		HideSolutionNode = FALSE
	EndGlobalSection
	GlobalSection(ExtensibilityGlobals) = postSolution
		SolutionGuid = {A4D470D8-3728-4B71-ACD2-004E5DC4358E}
	EndGlobalSection
EndGlobal
